
Microsoft Visual Studio Solution File, Format Version 12.00
# Visual Studio Version 17
VisualStudioVersion = 17.4.33110.190
MinimumVisualStudioVersion = 10.0.40219.1
Project("{9A19103F-16F7-4668-BE54-9A1E7A4F7556}") = "BuildABear.Backend", "BuildABear.Backend\BuildABear.Backend.csproj", "{A2566168-2850-4F27-8BA1-31075753A964}"
EndProject
Project("{9A19103F-16F7-4668-BE54-9A1E7A4F7556}") = "BuildABear.Core", "BuildABear.Core\BuildABear.Core.csproj", "{6C03ACC8-93EB-4324-AF53-50CAFA8487EE}"
EndProject
Project("{9A19103F-16F7-4668-BE54-9A1E7A4F7556}") = "BuildABear.Infrastructure", "BuildABear.Infrastructure\BuildABear.Infrastructure.csproj", "{C6A200B3-B0E9-4EC0-AD94-53D96862669D}"
EndProject
Global
	GlobalSection(SolutionConfigurationPlatforms) = preSolution
		Debug|Any CPU = Debug|Any CPU
		Release|Any CPU = Release|Any CPU
	EndGlobalSection
	GlobalSection(ProjectConfigurationPlatforms) = postSolution
		{A2566168-2850-4F27-8BA1-31075753A964}.Debug|Any CPU.ActiveCfg = Debug|Any CPU
		{A2566168-2850-4F27-8BA1-31075753A964}.Debug|Any CPU.Build.0 = Debug|Any CPU
		{A2566168-2850-4F27-8BA1-31075753A964}.Release|Any CPU.ActiveCfg = Release|Any CPU
		{A2566168-2850-4F27-8BA1-31075753A964}.Release|Any CPU.Build.0 = Release|Any CPU
		{6C03ACC8-93EB-4324-AF53-50CAFA8487EE}.Debug|Any CPU.ActiveCfg = Debug|Any CPU
		{6C03ACC8-93EB-4324-AF53-50CAFA8487EE}.Debug|Any CPU.Build.0 = Debug|Any CPU
		{6C03ACC8-93EB-4324-AF53-50CAFA8487EE}.Release|Any CPU.ActiveCfg = Release|Any CPU
		{6C03ACC8-93EB-4324-AF53-50CAFA8487EE}.Release|Any CPU.Build.0 = Release|Any CPU
		{C6A200B3-B0E9-4EC0-AD94-53D96862669D}.Debug|Any CPU.ActiveCfg = Debug|Any CPU
		{C6A200B3-B0E9-4EC0-AD94-53D96862669D}.Debug|Any CPU.Build.0 = Debug|Any CPU
		{C6A200B3-B0E9-4EC0-AD94-53D96862669D}.Release|Any CPU.ActiveCfg = Release|Any CPU
		{C6A200B3-B0E9-4EC0-AD94-53D96862669D}.Release|Any CPU.Build.0 = Release|Any CPU
	EndGlobalSection
	GlobalSection(SolutionProperties) = preSolution
		HideSolutionNode = FALSE
	EndGlobalSection
	GlobalSection(ExtensibilityGlobals) = postSolution
		SolutionGuid = {70E59841-DE5C-4000-B818-E2D95A55A633}
	EndGlobalSection
EndGlobal
